
Microsoft Visual Studio Solution File, Format Version 12.00
# Visual Studio Version 17
VisualStudioVersion = 17.8.34322.80
MinimumVisualStudioVersion = 10.0.40219.1
Project("{9A19103F-16F7-4668-BE54-9A1E7A4F7556}") = "CodeScan", "CodeScan.csproj", "{CBEA188E-5E1C-4029-A34E-1CD7432FF758}"
EndProject
Global
	GlobalSection(SolutionConfigurationPlatforms) = preSolution
		Debug|Any CPU = Debug|Any CPU
		Release|Any CPU = Release|Any CPU
	EndGlobalSection
	GlobalSection(ProjectConfigurationPlatforms) = postSolution
		{CBEA188E-5E1C-4029-A34E-1CD7432FF758}.Debug|Any CPU.ActiveCfg = Debug|Any CPU
		{CBEA188E-5E1C-4029-A34E-1CD7432FF758}.Debug|Any CPU.Build.0 = Debug|Any CPU
		{CBEA188E-5E1C-4029-A34E-1CD7432FF758}.Release|Any CPU.ActiveCfg = Release|Any CPU
		{CBEA188E-5E1C-4029-A34E-1CD7432FF758}.Release|Any CPU.Build.0 = Release|Any CPU
	EndGlobalSection
	GlobalSection(SolutionProperties) = preSolution
		HideSolutionNode = FALSE
	EndGlobalSection
	GlobalSection(ExtensibilityGlobals) = postSolution
		SolutionGuid = {B33FCC91-BC87-4D2B-A300-AD060107B61C}
	EndGlobalSection
EndGlobal
