
Microsoft Visual Studio Solution File, Format Version 12.00
# Visual Studio Version 17
VisualStudioVersion = 17.8.34322.80
MinimumVisualStudioVersion = 10.0.40219.1
Project("{9A19103F-16F7-4668-BE54-9A1E7A4F7556}") = "CodeScan", "..\CodeScan\CodeScan.csproj", "{9810E5BC-19A9-4C53-9132-0E3CBB28DBDC}"
EndProject
Global
	GlobalSection(SolutionConfigurationPlatforms) = preSolution
		Debug|Any CPU = Debug|Any CPU
		Release|Any CPU = Release|Any CPU
	EndGlobalSection
	GlobalSection(ProjectConfigurationPlatforms) = postSolution
		{9810E5BC-19A9-4C53-9132-0E3CBB28DBDC}.Debug|Any CPU.ActiveCfg = Debug|Any CPU
		{9810E5BC-19A9-4C53-9132-0E3CBB28DBDC}.Debug|Any CPU.Build.0 = Debug|Any CPU
		{9810E5BC-19A9-4C53-9132-0E3CBB28DBDC}.Release|Any CPU.ActiveCfg = Release|Any CPU
		{9810E5BC-19A9-4C53-9132-0E3CBB28DBDC}.Release|Any CPU.Build.0 = Release|Any CPU
	EndGlobalSection
	GlobalSection(SolutionProperties) = preSolution
		HideSolutionNode = FALSE
	EndGlobalSection
	GlobalSection(ExtensibilityGlobals) = postSolution
		SolutionGuid = {B33FCC91-BC87-4D2B-A300-AD060107B61C}
	EndGlobalSection
EndGlobal
